
Microsoft Visual Studio Solution File, Format Version 12.00
# Visual Studio Version 17
VisualStudioVersion = 17.7.34221.43
MinimumVisualStudioVersion = 10.0.40219.1
Project("{FAE04EC0-301F-11D3-BF4B-00C04F79EFBC}") = "MHS.Api", "MHS\MHS.Api\MHS.Api.csproj", "{921BC93C-B0EE-4E1A-BE3E-12EA52D8EDF9}"
EndProject
Project("{FAE04EC0-301F-11D3-BF4B-00C04F79EFBC}") = "MHS.Api.Models", "MHS\MHS.Models\MHS.Api.Models.csproj", "{51725854-7BD5-403A-BE9B-3C51A9DE6C6D}"
EndProject
Project("{FAE04EC0-301F-11D3-BF4B-00C04F79EFBC}") = "MHS.Data", "MHS\MHS.Data\MHS.Data.csproj", "{EF73425E-39FE-4BFA-B4FE-75F372FB82C9}"
EndProject
Project("{FAE04EC0-301F-11D3-BF4B-00C04F79EFBC}") = "MHS.Subscribers.VendorA", "MHS.Subscribers.VendorA\MHS.Subscribers.VendorA.csproj", "{0D3ED04E-350D-4EAE-B5AC-B89529D97E93}"
EndProject
Global
	GlobalSection(SolutionConfigurationPlatforms) = preSolution
		Debug|Any CPU = Debug|Any CPU
		Release|Any CPU = Release|Any CPU
	EndGlobalSection
	GlobalSection(ProjectConfigurationPlatforms) = postSolution
		{921BC93C-B0EE-4E1A-BE3E-12EA52D8EDF9}.Debug|Any CPU.ActiveCfg = Debug|Any CPU
		{921BC93C-B0EE-4E1A-BE3E-12EA52D8EDF9}.Debug|Any CPU.Build.0 = Debug|Any CPU
		{921BC93C-B0EE-4E1A-BE3E-12EA52D8EDF9}.Release|Any CPU.ActiveCfg = Release|Any CPU
		{921BC93C-B0EE-4E1A-BE3E-12EA52D8EDF9}.Release|Any CPU.Build.0 = Release|Any CPU
		{51725854-7BD5-403A-BE9B-3C51A9DE6C6D}.Debug|Any CPU.ActiveCfg = Debug|Any CPU
		{51725854-7BD5-403A-BE9B-3C51A9DE6C6D}.Debug|Any CPU.Build.0 = Debug|Any CPU
		{51725854-7BD5-403A-BE9B-3C51A9DE6C6D}.Release|Any CPU.ActiveCfg = Release|Any CPU
		{51725854-7BD5-403A-BE9B-3C51A9DE6C6D}.Release|Any CPU.Build.0 = Release|Any CPU
		{EF73425E-39FE-4BFA-B4FE-75F372FB82C9}.Debug|Any CPU.ActiveCfg = Debug|Any CPU
		{EF73425E-39FE-4BFA-B4FE-75F372FB82C9}.Debug|Any CPU.Build.0 = Debug|Any CPU
		{EF73425E-39FE-4BFA-B4FE-75F372FB82C9}.Release|Any CPU.ActiveCfg = Release|Any CPU
		{EF73425E-39FE-4BFA-B4FE-75F372FB82C9}.Release|Any CPU.Build.0 = Release|Any CPU
		{0D3ED04E-350D-4EAE-B5AC-B89529D97E93}.Debug|Any CPU.ActiveCfg = Debug|Any CPU
		{0D3ED04E-350D-4EAE-B5AC-B89529D97E93}.Debug|Any CPU.Build.0 = Debug|Any CPU
		{0D3ED04E-350D-4EAE-B5AC-B89529D97E93}.Release|Any CPU.ActiveCfg = Release|Any CPU
		{0D3ED04E-350D-4EAE-B5AC-B89529D97E93}.Release|Any CPU.Build.0 = Release|Any CPU
	EndGlobalSection
	GlobalSection(SolutionProperties) = preSolution
		HideSolutionNode = FALSE
	EndGlobalSection
	GlobalSection(ExtensibilityGlobals) = postSolution
		SolutionGuid = {9A30F32D-67F6-465F-93BC-C5C8D6588CE2}
	EndGlobalSection
EndGlobal
